---
binary_sensor:
  - name: alarm_today
    unique_id: alarm_today
    icon: mdi:bed-clock
    state: >
      {%- set alarmdays =  states.input_boolean
        | selectattr('entity_id', 'match', '.*alarm_day*')
        | selectattr('state', 'eq', 'on')
        | map(attribute='entity_id')
        | list | replace("input_boolean.alarm_day_","")
      %}
      {%- set todayday = now().strftime("%A") | lower %}
      {%- if todayday in alarmdays %}
      True
      {%- else %}
      False
      {%- endif %}
    # availability: >
    attributes:
      day_type: >
        {%- set todayday = now().strftime("%A") | lower %}
        {{ iif(todayday in "[saturday, sunday]", "Weekend", "Weekday", "None") }}
      alarm_time: >
        {%- set todayday = now().strftime("%A") | lower %}
        {%- set daytype = iif(todayday in "[saturday, sunday]", "weekend", "weekday", "none") %}
        {{ states('sensor.alarm_waketime_' + daytype) }}
      category: alarm_clock

  - name: alarm_tomorrow
    unique_id: alarm_tomorrow
    icon: mdi:bed-clock
    state: >
      {%- set alarmdays =  states.input_boolean
        | selectattr('entity_id', 'match', '.*alarm_day*')
        | selectattr('state', 'eq', 'on')
        | map(attribute='entity_id')
        | list | replace("input_boolean.alarm_day_","")
      %}
      {%- set tomorrowday = (now().date() + timedelta(days=1)).strftime("%A") | lower %}
      {%- if tomorrowday in alarmdays %}
      True
      {%- else %}
      False
      {%- endif %}
    # availability: >
    attributes:
      day_type: >
        {%- set tomorrowday = (now().date() + timedelta(days=1)).strftime("%A") | lower %}
        {{ iif(tomorrowday in "[saturday, sunday]", "Weekend", "Weekday", "None") }}
      category: alarm_clock

sensor:
  - name: alarm_defaults
    unique_id: alarm_defaults
    icon: mdi:bed-clock
    state: ""
    attributes:
      category: alarm_clock
      default_music: "Double J (Sydney, NSW)"
      default_sonos: "media_player.bedroom_symfonisk"
      default_light: "light.bedroom_lamp"

  - name: alarm_waketime_weekday
    unique_id: alarm_waketime_weekday
    icon: mdi:alarm
    state: >
      {{'{:02d}:{:02d}'.format(states('input_number.alarm_wakehour_weekday') | int, states('input_number.alarm_wakeminute_weekday') | int) }}
    attributes:
      category: alarm_clock

  - name: alarm_waketime_weekend
    unique_id: alarm_waketime_weekend
    icon: mdi:alarm
    state: >
      {{'{:02d}:{:02d}'.format(states('input_number.alarm_wakehour_weekend') | int, states('input_number.alarm_wakeminute_weekend') | int) }}
    attributes:
      category: alarm_clock
